
Microsoft Visual Studio Solution File, Format Version 12.00
# Visual Studio 15
VisualStudioVersion = 15.0.27323.2
MinimumVisualStudioVersion = 10.0.40219.1
Project("{A0786B88-2ADB-4C21-ABE8-AA2D79766269}") = "PSDOC", "PSDOC.phpproj", "{EC8EA91C-E450-4B33-9B11-54ADE8EAD723}"
EndProject
Global
	GlobalSection(SolutionConfigurationPlatforms) = preSolution
		Debug|Any CPU = Debug|Any CPU
		Release|Any CPU = Release|Any CPU
	EndGlobalSection
	GlobalSection(ProjectConfigurationPlatforms) = postSolution
		{EC8EA91C-E450-4B33-9B11-54ADE8EAD723}.Debug|Any CPU.ActiveCfg = Debug|Any CPU
		{EC8EA91C-E450-4B33-9B11-54ADE8EAD723}.Release|Any CPU.ActiveCfg = Release|Any CPU
	EndGlobalSection
	GlobalSection(SolutionProperties) = preSolution
		HideSolutionNode = FALSE
	EndGlobalSection
	GlobalSection(ExtensibilityGlobals) = postSolution
		SolutionGuid = {A25CE599-040D-4731-931F-53FDAA6F6E69}
	EndGlobalSection
EndGlobal
